{
  "name": "ada-ashley-biblioteca",
  "version": "1.0.0",
  "description": "Sistema de Gestión de Biblioteca - Proyecto Final JavaScript ADA",
  "main": "AshleyTeran.js",
  "scripts": {
    "start": "node AshleyTeran.js"
  },
  "keywords": ["biblioteca", "javascript", "ADA", "proyecto final"],
  "author": "Ashley Terán",
  "license": "ISC",
  "type": "commonjs"
}
